
Microsoft Visual Studio Solution File, Format Version 12.00
# Visual Studio 2013
VisualStudioVersion = 12.0.31101.0
MinimumVisualStudioVersion = 10.0.40219.1
Project("{FAE04EC0-301F-11D3-BF4B-00C04F79EFBC}") = "TAlex.Common", "TAlex.Common\TAlex.Common.csproj", "{3DB33C07-E4AF-47DC-9484-1385F47B7E41}"
EndProject
Project("{2150E333-8FDC-42A3-9474-1A3956D46DE8}") = "Tests", "Tests", "{BB219410-A462-481E-8026-C95765CE0141}"
EndProject
Project("{FAE04EC0-301F-11D3-BF4B-00C04F79EFBC}") = "TAlex.Common.Tests", "TAlex.Common.Tests\TAlex.Common.Tests.csproj", "{91A52255-70D0-456D-AA79-044785E62FDB}"
EndProject
Project("{FAE04EC0-301F-11D3-BF4B-00C04F79EFBC}") = "TAlex.Common.Diagnostics", "TAlex.Common.Diagnostics\TAlex.Common.Diagnostics.csproj", "{35E1F9C7-8391-433D-855A-AE81A18B3CFF}"
EndProject
Project("{2150E333-8FDC-42A3-9474-1A3956D46DE8}") = ".nuget", ".nuget", "{91E22E83-BE54-4AEA-8495-DB4F2FC9FFCE}"
	ProjectSection(SolutionItems) = preProject
		.nuget\NuGet.Config = .nuget\NuGet.Config
		.nuget\NuGet.targets = .nuget\NuGet.targets
	EndProjectSection
EndProject
Project("{FAE04EC0-301F-11D3-BF4B-00C04F79EFBC}") = "TAlex.Common.Configuration", "TAlex.Common.Configuration\TAlex.Common.Configuration.csproj", "{D9DFBF9F-9F59-4F8C-B914-2F051A5B0D1A}"
EndProject
Project("{FAE04EC0-301F-11D3-BF4B-00C04F79EFBC}") = "TAlex.Common.Configuration.Tests", "TAlex.Common.Configuration.Tests\TAlex.Common.Configuration.Tests.csproj", "{D6255F76-1C26-45A2-BED9-EE0C9B938884}"
EndProject
Project("{FAE04EC0-301F-11D3-BF4B-00C04F79EFBC}") = "TAlex.Common.Diagnostics.Providers", "TAlex.Common.Diagnostics.Providers\TAlex.Common.Diagnostics.Providers.csproj", "{7F588411-16A7-4875-B1C9-CD192B5EB7B7}"
EndProject
Global
	GlobalSection(SolutionConfigurationPlatforms) = preSolution
		Debug|Any CPU = Debug|Any CPU
		Release|Any CPU = Release|Any CPU
	EndGlobalSection
	GlobalSection(ProjectConfigurationPlatforms) = postSolution
		{3DB33C07-E4AF-47DC-9484-1385F47B7E41}.Debug|Any CPU.ActiveCfg = Debug|Any CPU
		{3DB33C07-E4AF-47DC-9484-1385F47B7E41}.Debug|Any CPU.Build.0 = Debug|Any CPU
		{3DB33C07-E4AF-47DC-9484-1385F47B7E41}.Release|Any CPU.ActiveCfg = Release|Any CPU
		{3DB33C07-E4AF-47DC-9484-1385F47B7E41}.Release|Any CPU.Build.0 = Release|Any CPU
		{91A52255-70D0-456D-AA79-044785E62FDB}.Debug|Any CPU.ActiveCfg = Debug|Any CPU
		{91A52255-70D0-456D-AA79-044785E62FDB}.Debug|Any CPU.Build.0 = Debug|Any CPU
		{91A52255-70D0-456D-AA79-044785E62FDB}.Release|Any CPU.ActiveCfg = Release|Any CPU
		{91A52255-70D0-456D-AA79-044785E62FDB}.Release|Any CPU.Build.0 = Release|Any CPU
		{35E1F9C7-8391-433D-855A-AE81A18B3CFF}.Debug|Any CPU.ActiveCfg = Debug|Any CPU
		{35E1F9C7-8391-433D-855A-AE81A18B3CFF}.Debug|Any CPU.Build.0 = Debug|Any CPU
		{35E1F9C7-8391-433D-855A-AE81A18B3CFF}.Release|Any CPU.ActiveCfg = Release|Any CPU
		{35E1F9C7-8391-433D-855A-AE81A18B3CFF}.Release|Any CPU.Build.0 = Release|Any CPU
		{D9DFBF9F-9F59-4F8C-B914-2F051A5B0D1A}.Debug|Any CPU.ActiveCfg = Debug|Any CPU
		{D9DFBF9F-9F59-4F8C-B914-2F051A5B0D1A}.Debug|Any CPU.Build.0 = Debug|Any CPU
		{D9DFBF9F-9F59-4F8C-B914-2F051A5B0D1A}.Release|Any CPU.ActiveCfg = Release|Any CPU
		{D9DFBF9F-9F59-4F8C-B914-2F051A5B0D1A}.Release|Any CPU.Build.0 = Release|Any CPU
		{D6255F76-1C26-45A2-BED9-EE0C9B938884}.Debug|Any CPU.ActiveCfg = Debug|Any CPU
		{D6255F76-1C26-45A2-BED9-EE0C9B938884}.Debug|Any CPU.Build.0 = Debug|Any CPU
		{D6255F76-1C26-45A2-BED9-EE0C9B938884}.Release|Any CPU.ActiveCfg = Release|Any CPU
		{D6255F76-1C26-45A2-BED9-EE0C9B938884}.Release|Any CPU.Build.0 = Release|Any CPU
		{7F588411-16A7-4875-B1C9-CD192B5EB7B7}.Debug|Any CPU.ActiveCfg = Debug|Any CPU
		{7F588411-16A7-4875-B1C9-CD192B5EB7B7}.Debug|Any CPU.Build.0 = Debug|Any CPU
		{7F588411-16A7-4875-B1C9-CD192B5EB7B7}.Release|Any CPU.ActiveCfg = Release|Any CPU
		{7F588411-16A7-4875-B1C9-CD192B5EB7B7}.Release|Any CPU.Build.0 = Release|Any CPU
	EndGlobalSection
	GlobalSection(SolutionProperties) = preSolution
		HideSolutionNode = FALSE
	EndGlobalSection
	GlobalSection(NestedProjects) = preSolution
		{91A52255-70D0-456D-AA79-044785E62FDB} = {BB219410-A462-481E-8026-C95765CE0141}
		{D6255F76-1C26-45A2-BED9-EE0C9B938884} = {BB219410-A462-481E-8026-C95765CE0141}
	EndGlobalSection
EndGlobal
