
Microsoft Visual Studio Solution File, Format Version 12.00
# Visual Studio 2013
VisualStudioVersion = 12.0.31101.0
MinimumVisualStudioVersion = 10.0.40219.1
Project("{FAE04EC0-301F-11D3-BF4B-00C04F79EFBC}") = "TAlex.Common", "TAlex.Common\TAlex.Common.csproj", "{3DB33C07-E4AF-47DC-9484-1385F47B7E41}"
EndProject
Project("{2150E333-8FDC-42A3-9474-1A3956D46DE8}") = "Tests", "Tests", "{BB219410-A462-481E-8026-C95765CE0141}"
EndProject
Global
	GlobalSection(SolutionConfigurationPlatforms) = preSolution
		Debug|Any CPU = Debug|Any CPU
		Release|Any CPU = Release|Any CPU
	EndGlobalSection
	GlobalSection(ProjectConfigurationPlatforms) = postSolution
		{3DB33C07-E4AF-47DC-9484-1385F47B7E41}.Debug|Any CPU.ActiveCfg = Debug|Any CPU
		{3DB33C07-E4AF-47DC-9484-1385F47B7E41}.Debug|Any CPU.Build.0 = Debug|Any CPU
		{3DB33C07-E4AF-47DC-9484-1385F47B7E41}.Release|Any CPU.ActiveCfg = Release|Any CPU
		{3DB33C07-E4AF-47DC-9484-1385F47B7E41}.Release|Any CPU.Build.0 = Release|Any CPU
	EndGlobalSection
	GlobalSection(SolutionProperties) = preSolution
		HideSolutionNode = FALSE
	EndGlobalSection
EndGlobal
